
Microsoft Visual Studio Solution File, Format Version 12.00
# Visual Studio Version 17
VisualStudioVersion = 17.3.32804.467
MinimumVisualStudioVersion = 10.0.40219.1
Project("{2150E333-8FDC-42A3-9474-1A3956D46DE8}") = "Services", "Services", "{253E4424-EB8D-4F42-8B42-93A427618B21}"
EndProject
Project("{2150E333-8FDC-42A3-9474-1A3956D46DE8}") = "Catalog", "Catalog", "{E1DA9B33-D4EE-4258-BB05-EC2544EDCEE3}"
EndProject
Project("{9A19103F-16F7-4668-BE54-9A1E7A4F7556}") = "Catalog.API", "Services\Catalog\Catalog.API\Catalog.API.csproj", "{F98B1785-4B38-4C81-825F-F53CB668CF8B}"
EndProject
Project("{E53339B2-1760-4266-BCC7-CA923CBCF16C}") = "docker-compose", "docker-compose.dcproj", "{016A229B-73F9-4B6C-9C26-3F0F2FC4583E}"
EndProject
Project("{2150E333-8FDC-42A3-9474-1A3956D46DE8}") = "Basket", "Basket", "{49A68A4C-3658-4050-9238-0CD8DF9C1473}"
EndProject
Project("{9A19103F-16F7-4668-BE54-9A1E7A4F7556}") = "Basket.API", "Services\Basket\Basket.API\Basket.API.csproj", "{7F7D777D-EA3D-4752-B6BC-35B2E1C93A21}"
EndProject
Project("{2150E333-8FDC-42A3-9474-1A3956D46DE8}") = "Discount", "Discount", "{A22FBFCD-7C10-4E61-8D28-EA8BA4418A6F}"
EndProject
Project("{9A19103F-16F7-4668-BE54-9A1E7A4F7556}") = "Discount.API", "Services\Discount\Discount.API\Discount.API.csproj", "{BDBC5503-4A4D-4B0D-A4A8-B5E100169B58}"
EndProject
Project("{9A19103F-16F7-4668-BE54-9A1E7A4F7556}") = "Discount.Grpc", "Services\Discount\Discount.Grpc\Discount.Grpc.csproj", "{183640AC-E5D0-462C-A439-B923AD48978E}"
EndProject
Project("{2150E333-8FDC-42A3-9474-1A3956D46DE8}") = "Ordering", "Ordering", "{A26D97DB-D1D2-4260-B420-E8DB9E9214CB}"
EndProject
Project("{9A19103F-16F7-4668-BE54-9A1E7A4F7556}") = "Ordering.API", "Services\Ordering\Ordering.API\Ordering.API.csproj", "{E91B3FA7-B4AD-448C-8405-3E21B4686D80}"
EndProject
Project("{9A19103F-16F7-4668-BE54-9A1E7A4F7556}") = "Ordering.Domain", "Services\Ordering\Ordering.Domain\Ordering.Domain.csproj", "{CB70CBDD-724D-485B-905A-8EF8DEB996E3}"
EndProject
Project("{9A19103F-16F7-4668-BE54-9A1E7A4F7556}") = "Ordering.Application", "Services\Ordering\Ordering.Application\Ordering.Application.csproj", "{821E671C-0EED-4880-98E6-8C96E4BCBDC5}"
EndProject
Project("{9A19103F-16F7-4668-BE54-9A1E7A4F7556}") = "Ordering.Infrastructure", "Services\Ordering\Ordering.Infrastructure\Ordering.Infrastructure.csproj", "{98DBDE82-2732-4CB3-827D-A2F52CF6CAC5}"
EndProject
Project("{2150E333-8FDC-42A3-9474-1A3956D46DE8}") = "BuildingBlocks", "BuildingBlocks", "{43E59170-4AEF-4886-B71D-3C135371101B}"
EndProject
Project("{FAE04EC0-301F-11D3-BF4B-00C04F79EFBC}") = "EventBus.Messages", "BuildingBlocks\EventBus.Messages\EventBus.Messages.csproj", "{E9CE0977-6B04-41EC-9A9C-07A5041974F2}"
EndProject
Global
	GlobalSection(SolutionConfigurationPlatforms) = preSolution
		Debug|Any CPU = Debug|Any CPU
		Release|Any CPU = Release|Any CPU
	EndGlobalSection
	GlobalSection(ProjectConfigurationPlatforms) = postSolution
		{F98B1785-4B38-4C81-825F-F53CB668CF8B}.Debug|Any CPU.ActiveCfg = Debug|Any CPU
		{F98B1785-4B38-4C81-825F-F53CB668CF8B}.Debug|Any CPU.Build.0 = Debug|Any CPU
		{F98B1785-4B38-4C81-825F-F53CB668CF8B}.Release|Any CPU.ActiveCfg = Release|Any CPU
		{F98B1785-4B38-4C81-825F-F53CB668CF8B}.Release|Any CPU.Build.0 = Release|Any CPU
		{016A229B-73F9-4B6C-9C26-3F0F2FC4583E}.Debug|Any CPU.ActiveCfg = Debug|Any CPU
		{016A229B-73F9-4B6C-9C26-3F0F2FC4583E}.Debug|Any CPU.Build.0 = Debug|Any CPU
		{016A229B-73F9-4B6C-9C26-3F0F2FC4583E}.Release|Any CPU.ActiveCfg = Release|Any CPU
		{016A229B-73F9-4B6C-9C26-3F0F2FC4583E}.Release|Any CPU.Build.0 = Release|Any CPU
		{7F7D777D-EA3D-4752-B6BC-35B2E1C93A21}.Debug|Any CPU.ActiveCfg = Debug|Any CPU
		{7F7D777D-EA3D-4752-B6BC-35B2E1C93A21}.Debug|Any CPU.Build.0 = Debug|Any CPU
		{7F7D777D-EA3D-4752-B6BC-35B2E1C93A21}.Release|Any CPU.ActiveCfg = Release|Any CPU
		{7F7D777D-EA3D-4752-B6BC-35B2E1C93A21}.Release|Any CPU.Build.0 = Release|Any CPU
		{BDBC5503-4A4D-4B0D-A4A8-B5E100169B58}.Debug|Any CPU.ActiveCfg = Debug|Any CPU
		{BDBC5503-4A4D-4B0D-A4A8-B5E100169B58}.Debug|Any CPU.Build.0 = Debug|Any CPU
		{BDBC5503-4A4D-4B0D-A4A8-B5E100169B58}.Release|Any CPU.ActiveCfg = Release|Any CPU
		{BDBC5503-4A4D-4B0D-A4A8-B5E100169B58}.Release|Any CPU.Build.0 = Release|Any CPU
		{183640AC-E5D0-462C-A439-B923AD48978E}.Debug|Any CPU.ActiveCfg = Debug|Any CPU
		{183640AC-E5D0-462C-A439-B923AD48978E}.Debug|Any CPU.Build.0 = Debug|Any CPU
		{183640AC-E5D0-462C-A439-B923AD48978E}.Release|Any CPU.ActiveCfg = Release|Any CPU
		{183640AC-E5D0-462C-A439-B923AD48978E}.Release|Any CPU.Build.0 = Release|Any CPU
		{E91B3FA7-B4AD-448C-8405-3E21B4686D80}.Debug|Any CPU.ActiveCfg = Debug|Any CPU
		{E91B3FA7-B4AD-448C-8405-3E21B4686D80}.Debug|Any CPU.Build.0 = Debug|Any CPU
		{E91B3FA7-B4AD-448C-8405-3E21B4686D80}.Release|Any CPU.ActiveCfg = Release|Any CPU
		{E91B3FA7-B4AD-448C-8405-3E21B4686D80}.Release|Any CPU.Build.0 = Release|Any CPU
		{CB70CBDD-724D-485B-905A-8EF8DEB996E3}.Debug|Any CPU.ActiveCfg = Debug|Any CPU
		{CB70CBDD-724D-485B-905A-8EF8DEB996E3}.Debug|Any CPU.Build.0 = Debug|Any CPU
		{CB70CBDD-724D-485B-905A-8EF8DEB996E3}.Release|Any CPU.ActiveCfg = Release|Any CPU
		{CB70CBDD-724D-485B-905A-8EF8DEB996E3}.Release|Any CPU.Build.0 = Release|Any CPU
		{821E671C-0EED-4880-98E6-8C96E4BCBDC5}.Debug|Any CPU.ActiveCfg = Debug|Any CPU
		{821E671C-0EED-4880-98E6-8C96E4BCBDC5}.Debug|Any CPU.Build.0 = Debug|Any CPU
		{821E671C-0EED-4880-98E6-8C96E4BCBDC5}.Release|Any CPU.ActiveCfg = Release|Any CPU
		{821E671C-0EED-4880-98E6-8C96E4BCBDC5}.Release|Any CPU.Build.0 = Release|Any CPU
		{98DBDE82-2732-4CB3-827D-A2F52CF6CAC5}.Debug|Any CPU.ActiveCfg = Debug|Any CPU
		{98DBDE82-2732-4CB3-827D-A2F52CF6CAC5}.Debug|Any CPU.Build.0 = Debug|Any CPU
		{98DBDE82-2732-4CB3-827D-A2F52CF6CAC5}.Release|Any CPU.ActiveCfg = Release|Any CPU
		{98DBDE82-2732-4CB3-827D-A2F52CF6CAC5}.Release|Any CPU.Build.0 = Release|Any CPU
		{E9CE0977-6B04-41EC-9A9C-07A5041974F2}.Debug|Any CPU.ActiveCfg = Debug|Any CPU
		{E9CE0977-6B04-41EC-9A9C-07A5041974F2}.Debug|Any CPU.Build.0 = Debug|Any CPU
		{E9CE0977-6B04-41EC-9A9C-07A5041974F2}.Release|Any CPU.ActiveCfg = Release|Any CPU
		{E9CE0977-6B04-41EC-9A9C-07A5041974F2}.Release|Any CPU.Build.0 = Release|Any CPU
	EndGlobalSection
	GlobalSection(SolutionProperties) = preSolution
		HideSolutionNode = FALSE
	EndGlobalSection
	GlobalSection(NestedProjects) = preSolution
		{E1DA9B33-D4EE-4258-BB05-EC2544EDCEE3} = {253E4424-EB8D-4F42-8B42-93A427618B21}
		{F98B1785-4B38-4C81-825F-F53CB668CF8B} = {E1DA9B33-D4EE-4258-BB05-EC2544EDCEE3}
		{49A68A4C-3658-4050-9238-0CD8DF9C1473} = {253E4424-EB8D-4F42-8B42-93A427618B21}
		{7F7D777D-EA3D-4752-B6BC-35B2E1C93A21} = {49A68A4C-3658-4050-9238-0CD8DF9C1473}
		{A22FBFCD-7C10-4E61-8D28-EA8BA4418A6F} = {253E4424-EB8D-4F42-8B42-93A427618B21}
		{BDBC5503-4A4D-4B0D-A4A8-B5E100169B58} = {A22FBFCD-7C10-4E61-8D28-EA8BA4418A6F}
		{183640AC-E5D0-462C-A439-B923AD48978E} = {A22FBFCD-7C10-4E61-8D28-EA8BA4418A6F}
		{A26D97DB-D1D2-4260-B420-E8DB9E9214CB} = {253E4424-EB8D-4F42-8B42-93A427618B21}
		{E91B3FA7-B4AD-448C-8405-3E21B4686D80} = {A26D97DB-D1D2-4260-B420-E8DB9E9214CB}
		{CB70CBDD-724D-485B-905A-8EF8DEB996E3} = {A26D97DB-D1D2-4260-B420-E8DB9E9214CB}
		{821E671C-0EED-4880-98E6-8C96E4BCBDC5} = {A26D97DB-D1D2-4260-B420-E8DB9E9214CB}
		{98DBDE82-2732-4CB3-827D-A2F52CF6CAC5} = {A26D97DB-D1D2-4260-B420-E8DB9E9214CB}
		{E9CE0977-6B04-41EC-9A9C-07A5041974F2} = {43E59170-4AEF-4886-B71D-3C135371101B}
	EndGlobalSection
	GlobalSection(ExtensibilityGlobals) = postSolution
		SolutionGuid = {9CAA5901-8874-45E2-8318-2222C8F5A2EB}
	EndGlobalSection
EndGlobal
